
Microsoft Visual Studio Solution File, Format Version 12.00
# Visual Studio Version 16
VisualStudioVersion = 16.0.30320.27
MinimumVisualStudioVersion = 10.0.40219.1
Project("{FAE04EC0-301F-11D3-BF4B-00C04F79EFBC}") = "Calculator", "Calculator\Calculator.csproj", "{22DB171F-7A50-427D-B895-0EEC2DA91054}"
EndProject
Global
	GlobalSection(SolutionConfigurationPlatforms) = preSolution
		Debug|Any CPU = Debug|Any CPU
		Release|Any CPU = Release|Any CPU
	EndGlobalSection
	GlobalSection(ProjectConfigurationPlatforms) = postSolution
		{22DB171F-7A50-427D-B895-0EEC2DA91054}.Debug|Any CPU.ActiveCfg = Debug|Any CPU
		{22DB171F-7A50-427D-B895-0EEC2DA91054}.Debug|Any CPU.Build.0 = Debug|Any CPU
		{22DB171F-7A50-427D-B895-0EEC2DA91054}.Release|Any CPU.ActiveCfg = Release|Any CPU
		{22DB171F-7A50-427D-B895-0EEC2DA91054}.Release|Any CPU.Build.0 = Release|Any CPU
	EndGlobalSection
	GlobalSection(SolutionProperties) = preSolution
		HideSolutionNode = FALSE
	EndGlobalSection
	GlobalSection(ExtensibilityGlobals) = postSolution
		SolutionGuid = {A342BEBC-B579-4844-BB36-4DF4E3E6B94B}
	EndGlobalSection
EndGlobal
